
Microsoft Visual Studio Solution File, Format Version 12.00
# Visual Studio 2013
VisualStudioVersion = 12.0.21005.1
MinimumVisualStudioVersion = 10.0.40219.1
Project("{FAE04EC0-301F-11D3-BF4B-00C04F79EFBC}") = "DBContext", "DBContext\DBContext.csproj", "{B76CAB74-26C4-4E35-AB72-D33FBB2323A1}"
EndProject
Project("{F184B08F-C81C-45F6-A57F-5ABD9991F28F}") = "HelpDesk", "HelpDesk\HelpDesk.vbproj", "{8B9DD502-07E5-40D4-8E19-D1784DF27B3A}"
EndProject
Project("{F184B08F-C81C-45F6-A57F-5ABD9991F28F}") = "MoniterWebServices", "MoniterServices\MoniterWebServices.vbproj", "{80D9EA10-C8E3-4FB8-9EA8-D6ED3FAC6D79}"
EndProject
Project("{F184B08F-C81C-45F6-A57F-5ABD9991F28F}") = "Monitor_Winservices", "Monitor_Winservices\Monitor_Winservices.vbproj", "{377E4625-A715-44B6-80B5-B6059034A72E}"
EndProject
Project("{F184B08F-C81C-45F6-A57F-5ABD9991F28F}") = "TTDL_Service", "TTDL_Service\TTDL_Service.vbproj", "{2546B6A5-E624-44DF-B5BF-BFD38B41442F}"
EndProject
Project("{FAE04EC0-301F-11D3-BF4B-00C04F79EFBC}") = "TRACUUTKWEB", "TraCuuTKWeb\TRACUUTKWEB.csproj", "{7EAAFEDB-E6C3-44A3-AEE1-AA481300D197}"
EndProject
Global
	GlobalSection(SolutionConfigurationPlatforms) = preSolution
		Debug|Any CPU = Debug|Any CPU
		Release|Any CPU = Release|Any CPU
	EndGlobalSection
	GlobalSection(ProjectConfigurationPlatforms) = postSolution
		{B76CAB74-26C4-4E35-AB72-D33FBB2323A1}.Debug|Any CPU.ActiveCfg = Debug|Any CPU
		{B76CAB74-26C4-4E35-AB72-D33FBB2323A1}.Debug|Any CPU.Build.0 = Debug|Any CPU
		{B76CAB74-26C4-4E35-AB72-D33FBB2323A1}.Release|Any CPU.ActiveCfg = Release|Any CPU
		{B76CAB74-26C4-4E35-AB72-D33FBB2323A1}.Release|Any CPU.Build.0 = Release|Any CPU
		{8B9DD502-07E5-40D4-8E19-D1784DF27B3A}.Debug|Any CPU.ActiveCfg = Debug|Any CPU
		{8B9DD502-07E5-40D4-8E19-D1784DF27B3A}.Debug|Any CPU.Build.0 = Debug|Any CPU
		{8B9DD502-07E5-40D4-8E19-D1784DF27B3A}.Release|Any CPU.ActiveCfg = Release|Any CPU
		{8B9DD502-07E5-40D4-8E19-D1784DF27B3A}.Release|Any CPU.Build.0 = Release|Any CPU
		{80D9EA10-C8E3-4FB8-9EA8-D6ED3FAC6D79}.Debug|Any CPU.ActiveCfg = Debug|Any CPU
		{80D9EA10-C8E3-4FB8-9EA8-D6ED3FAC6D79}.Debug|Any CPU.Build.0 = Debug|Any CPU
		{80D9EA10-C8E3-4FB8-9EA8-D6ED3FAC6D79}.Release|Any CPU.ActiveCfg = Release|Any CPU
		{80D9EA10-C8E3-4FB8-9EA8-D6ED3FAC6D79}.Release|Any CPU.Build.0 = Release|Any CPU
		{377E4625-A715-44B6-80B5-B6059034A72E}.Debug|Any CPU.ActiveCfg = Debug|Any CPU
		{377E4625-A715-44B6-80B5-B6059034A72E}.Debug|Any CPU.Build.0 = Debug|Any CPU
		{377E4625-A715-44B6-80B5-B6059034A72E}.Release|Any CPU.ActiveCfg = Release|Any CPU
		{377E4625-A715-44B6-80B5-B6059034A72E}.Release|Any CPU.Build.0 = Release|Any CPU
		{2546B6A5-E624-44DF-B5BF-BFD38B41442F}.Debug|Any CPU.ActiveCfg = Debug|Any CPU
		{2546B6A5-E624-44DF-B5BF-BFD38B41442F}.Debug|Any CPU.Build.0 = Debug|Any CPU
		{2546B6A5-E624-44DF-B5BF-BFD38B41442F}.Release|Any CPU.ActiveCfg = Release|Any CPU
		{2546B6A5-E624-44DF-B5BF-BFD38B41442F}.Release|Any CPU.Build.0 = Release|Any CPU
		{7EAAFEDB-E6C3-44A3-AEE1-AA481300D197}.Debug|Any CPU.ActiveCfg = Debug|Any CPU
		{7EAAFEDB-E6C3-44A3-AEE1-AA481300D197}.Debug|Any CPU.Build.0 = Debug|Any CPU
		{7EAAFEDB-E6C3-44A3-AEE1-AA481300D197}.Release|Any CPU.ActiveCfg = Release|Any CPU
		{7EAAFEDB-E6C3-44A3-AEE1-AA481300D197}.Release|Any CPU.Build.0 = Release|Any CPU
	EndGlobalSection
	GlobalSection(SolutionProperties) = preSolution
		HideSolutionNode = FALSE
	EndGlobalSection
EndGlobal
